
Microsoft Visual Studio Solution File, Format Version 12.00
# Visual Studio 15
VisualStudioVersion = 15.0.28307.421
MinimumVisualStudioVersion = 10.0.40219.1
Project("{FAE04EC0-301F-11D3-BF4B-00C04F79EFBC}") = "readypanel", "readypanel.csproj", "{45DC6901-8594-4A96-834A-76AE03B98DBF}"
EndProject
Global
	GlobalSection(SolutionConfigurationPlatforms) = preSolution
		Debug|Any CPU = Debug|Any CPU
		Release|Any CPU = Release|Any CPU
	EndGlobalSection
	GlobalSection(ProjectConfigurationPlatforms) = postSolution
		{45DC6901-8594-4A96-834A-76AE03B98DBF}.Debug|Any CPU.ActiveCfg = Debug|Any CPU
		{45DC6901-8594-4A96-834A-76AE03B98DBF}.Debug|Any CPU.Build.0 = Debug|Any CPU
		{45DC6901-8594-4A96-834A-76AE03B98DBF}.Release|Any CPU.ActiveCfg = Release|Any CPU
		{45DC6901-8594-4A96-834A-76AE03B98DBF}.Release|Any CPU.Build.0 = Release|Any CPU
	EndGlobalSection
	GlobalSection(SolutionProperties) = preSolution
		HideSolutionNode = FALSE
	EndGlobalSection
	GlobalSection(ExtensibilityGlobals) = postSolution
		SolutionGuid = {15739A5A-CFCC-4792-8BB8-7737B0BE301E}
	EndGlobalSection
EndGlobal
