
Microsoft Visual Studio Solution File, Format Version 12.00
# Visual Studio 15
VisualStudioVersion = 15.0.28307.421
MinimumVisualStudioVersion = 10.0.40219.1
Project("{FAE04EC0-301F-11D3-BF4B-00C04F79EFBC}") = "angry_birds_classes", "angry_birds_classes\angry_birds_classes.csproj", "{42A5264C-5243-4CE7-9471-6775F4A417B5}"
EndProject
Global
	GlobalSection(SolutionConfigurationPlatforms) = preSolution
		Debug|Any CPU = Debug|Any CPU
		Release|Any CPU = Release|Any CPU
	EndGlobalSection
	GlobalSection(ProjectConfigurationPlatforms) = postSolution
		{42A5264C-5243-4CE7-9471-6775F4A417B5}.Debug|Any CPU.ActiveCfg = Debug|Any CPU
		{42A5264C-5243-4CE7-9471-6775F4A417B5}.Debug|Any CPU.Build.0 = Debug|Any CPU
		{42A5264C-5243-4CE7-9471-6775F4A417B5}.Release|Any CPU.ActiveCfg = Release|Any CPU
		{42A5264C-5243-4CE7-9471-6775F4A417B5}.Release|Any CPU.Build.0 = Release|Any CPU
	EndGlobalSection
	GlobalSection(SolutionProperties) = preSolution
		HideSolutionNode = FALSE
	EndGlobalSection
	GlobalSection(ExtensibilityGlobals) = postSolution
		SolutionGuid = {A066DC02-AB03-4550-B1BE-B429452525C9}
	EndGlobalSection
EndGlobal
