
Microsoft Visual Studio Solution File, Format Version 12.00
# Visual Studio 15
VisualStudioVersion = 15.0.28307.421
MinimumVisualStudioVersion = 10.0.40219.1
Project("{FAE04EC0-301F-11D3-BF4B-00C04F79EFBC}") = "angry_birds_method_eulera", "angry_birds_method_eulera.csproj", "{1B828795-7DE2-4A2A-A91A-CC1D82445309}"
EndProject
Global
	GlobalSection(SolutionConfigurationPlatforms) = preSolution
		Debug|Any CPU = Debug|Any CPU
		Release|Any CPU = Release|Any CPU
	EndGlobalSection
	GlobalSection(ProjectConfigurationPlatforms) = postSolution
		{1B828795-7DE2-4A2A-A91A-CC1D82445309}.Debug|Any CPU.ActiveCfg = Debug|Any CPU
		{1B828795-7DE2-4A2A-A91A-CC1D82445309}.Debug|Any CPU.Build.0 = Debug|Any CPU
		{1B828795-7DE2-4A2A-A91A-CC1D82445309}.Release|Any CPU.ActiveCfg = Release|Any CPU
		{1B828795-7DE2-4A2A-A91A-CC1D82445309}.Release|Any CPU.Build.0 = Release|Any CPU
	EndGlobalSection
	GlobalSection(SolutionProperties) = preSolution
		HideSolutionNode = FALSE
	EndGlobalSection
	GlobalSection(ExtensibilityGlobals) = postSolution
		SolutionGuid = {C3654941-8E36-48E5-A1DE-2076B3180E3F}
	EndGlobalSection
EndGlobal
